
Microsoft Visual Studio Solution File, Format Version 11.00
# Visual Studio 2010
Project("{FAE04EC0-301F-11D3-BF4B-00C04F79EFBC}") = "ARbusinessCard", "Assembly-CSharp.csproj", "{0DB86A34-A06E-1BC7-A3FB-0E4E798AB4EA}"
EndProject
Project("{FAE04EC0-301F-11D3-BF4B-00C04F79EFBC}") = "ARbusinessCard", "Assembly-CSharp-Editor.csproj", "{D0FFC020-2537-8838-045A-A462A81AA295}"
EndProject
Global
	GlobalSection(SolutionConfigurationPlatforms) = preSolution
		Debug|Any CPU = Debug|Any CPU
		Release|Any CPU = Release|Any CPU
	EndGlobalSection
	GlobalSection(ProjectConfigurationPlatforms) = postSolution
		{0DB86A34-A06E-1BC7-A3FB-0E4E798AB4EA}.Debug|Any CPU.ActiveCfg = Debug|Any CPU
		{0DB86A34-A06E-1BC7-A3FB-0E4E798AB4EA}.Debug|Any CPU.Build.0 = Debug|Any CPU
		{0DB86A34-A06E-1BC7-A3FB-0E4E798AB4EA}.Release|Any CPU.ActiveCfg = Release|Any CPU
		{0DB86A34-A06E-1BC7-A3FB-0E4E798AB4EA}.Release|Any CPU.Build.0 = Release|Any CPU
		{D0FFC020-2537-8838-045A-A462A81AA295}.Debug|Any CPU.ActiveCfg = Debug|Any CPU
		{D0FFC020-2537-8838-045A-A462A81AA295}.Debug|Any CPU.Build.0 = Debug|Any CPU
		{D0FFC020-2537-8838-045A-A462A81AA295}.Release|Any CPU.ActiveCfg = Release|Any CPU
		{D0FFC020-2537-8838-045A-A462A81AA295}.Release|Any CPU.Build.0 = Release|Any CPU
	EndGlobalSection
	GlobalSection(SolutionProperties) = preSolution
		HideSolutionNode = FALSE
	EndGlobalSection
	GlobalSection(MonoDevelopProperties) = preSolution
		StartupItem = Assembly-CSharp.csproj
	EndGlobalSection
EndGlobal
